
Microsoft Visual Studio Solution File, Format Version 12.00
# Visual Studio Version 16
VisualStudioVersion = 16.0.30907.101
MinimumVisualStudioVersion = 10.0.40219.1
Project("{FAE04EC0-301F-11D3-BF4B-00C04F79EFBC}") = "WHW8-2", "WHW8-2\WHW8-2.csproj", "{0356C101-ACF9-491C-9A48-C1A92F98DC22}"
EndProject
Global
	GlobalSection(SolutionConfigurationPlatforms) = preSolution
		Debug|Any CPU = Debug|Any CPU
		Release|Any CPU = Release|Any CPU
	EndGlobalSection
	GlobalSection(ProjectConfigurationPlatforms) = postSolution
		{0356C101-ACF9-491C-9A48-C1A92F98DC22}.Debug|Any CPU.ActiveCfg = Debug|Any CPU
		{0356C101-ACF9-491C-9A48-C1A92F98DC22}.Debug|Any CPU.Build.0 = Debug|Any CPU
		{0356C101-ACF9-491C-9A48-C1A92F98DC22}.Release|Any CPU.ActiveCfg = Release|Any CPU
		{0356C101-ACF9-491C-9A48-C1A92F98DC22}.Release|Any CPU.Build.0 = Release|Any CPU
	EndGlobalSection
	GlobalSection(SolutionProperties) = preSolution
		HideSolutionNode = FALSE
	EndGlobalSection
	GlobalSection(ExtensibilityGlobals) = postSolution
		SolutionGuid = {E66AA089-C0F1-4848-AFFA-A3FEF2A5C659}
	EndGlobalSection
EndGlobal
